{
  "nodes": {
    "binned_allocator": {
      "flake": false,
      "locked": {
        "narHash": "sha256-fu7lG3I/3AMc7vmjn9+Fw3fym8TThxNqeL/RJ0MAFJ8=",
        "type": "tarball",
        "url": "https://gist.github.com/FalsePattern/48fded613c115e16e91c46db8642c7e4/archive/75e3d5e6a0e0cf23dbf7abfe16831e23c38721bc.tar.gz"
      },
      "original": {
        "type": "tarball",
        "url": "https://gist.github.com/FalsePattern/48fded613c115e16e91c46db8642c7e4/archive/75e3d5e6a0e0cf23dbf7abfe16831e23c38721bc.tar.gz"
      }
    },
    "diffz": {
      "flake": false,
      "locked": {
        "narHash": "sha256-FRX7z0gauzy3StIYZQYAtDg1X08bdScvZlMCXKxXWhY=",
        "type": "tarball",
        "url": "https://github.com/ziglibs/diffz/archive/df02d432be9b40d55b5d7de5c1c53ec80aad6d5d.tar.gz"
      },
      "original": {
        "type": "tarball",
        "url": "https://github.com/ziglibs/diffz/archive/df02d432be9b40d55b5d7de5c1c53ec80aad6d5d.tar.gz"
      }
    },
    "flake-compat": {
      "flake": false,
      "locked": {
        "lastModified": 1673956053,
        "narHash": "sha256-4gtG9iQuiKITOjNQQeQIpoIB6b16fm+504Ch3sNKLd8=",
        "owner": "edolstra",
        "repo": "flake-compat",
        "rev": "35bb57c0c8d8b62bbfd284272c928ceb64ddbde9",
        "type": "github"
      },
      "original": {
        "owner": "edolstra",
        "repo": "flake-compat",
        "type": "github"
      }
    },
    "flake-utils": {
      "inputs": {
        "systems": "systems"
      },
      "locked": {
        "lastModified": 1687171271,
        "narHash": "sha256-BJlq+ozK2B1sJDQXS3tzJM5a+oVZmi1q0FlBK/Xqv7M=",
        "owner": "numtide",
        "repo": "flake-utils",
        "rev": "abfb11bd1aec8ced1c9bb9adfe68018230f4fb3c",
        "type": "github"
      },
      "original": {
        "owner": "numtide",
        "repo": "flake-utils",
        "type": "github"
      }
    },
    "flake-utils_2": {
      "locked": {
        "lastModified": 1659877975,
        "narHash": "sha256-zllb8aq3YO3h8B/U0/J1WBgAL8EX5yWf5pMj3G0NAmc=",
        "owner": "numtide",
        "repo": "flake-utils",
        "rev": "c0e246b9b83f637f4681389ecabcb2681b4f3af0",
        "type": "github"
      },
      "original": {
        "owner": "numtide",
        "repo": "flake-utils",
        "type": "github"
      }
    },
    "gitignore": {
      "inputs": {
        "nixpkgs": [
          "nixpkgs"
        ]
      },
      "locked": {
        "lastModified": 1660459072,
        "narHash": "sha256-8DFJjXG8zqoONA1vXtgeKXy68KdJL5UaXR8NtVMUbx8=",
        "owner": "hercules-ci",
        "repo": "gitignore.nix",
        "rev": "a20de23b925fd8264fd7fad6454652e142fd7f73",
        "type": "github"
      },
      "original": {
        "owner": "hercules-ci",
        "repo": "gitignore.nix",
        "type": "github"
      }
    },
    "known_folders": {
      "flake": false,
      "locked": {
        "narHash": "sha256-hgzm6HrtusbhmWEq6moKYGf5sWc52UwyHTjAIjr6EEQ=",
        "type": "tarball",
        "url": "https://github.com/ziglibs/known-folders/archive/d13ba6137084e55f873f6afb67447fe8906cc951.tar.gz"
      },
      "original": {
        "type": "tarball",
        "url": "https://github.com/ziglibs/known-folders/archive/d13ba6137084e55f873f6afb67447fe8906cc951.tar.gz"
      }
    },
    "nixpkgs": {
      "locked": {
        "lastModified": 1687518131,
        "narHash": "sha256-KirltRIc4SFfk8bTNudIqgKAALH5oqpW3PefmkfWK5M=",
        "owner": "NixOS",
        "repo": "nixpkgs",
        "rev": "3d8a93602bc54ece7a4e689d9aea1a574e2bbc24",
        "type": "github"
      },
      "original": {
        "owner": "NixOS",
        "ref": "nixpkgs-unstable",
        "repo": "nixpkgs",
        "type": "github"
      }
    },
    "root": {
      "inputs": {
        "binned_allocator": "binned_allocator",
        "diffz": "diffz",
        "flake-utils": "flake-utils",
        "gitignore": "gitignore",
        "known_folders": "known_folders",
        "nixpkgs": "nixpkgs",
        "tres": "tres",
        "zig-overlay": "zig-overlay"
      }
    },
    "systems": {
      "locked": {
        "lastModified": 1681028828,
        "narHash": "sha256-Vy1rq5AaRuLzOxct8nz4T6wlgyUR7zLU309k9mBC768=",
        "owner": "nix-systems",
        "repo": "default",
        "rev": "da67096a3b9bf56a91d16901293e51ba5b49a27e",
        "type": "github"
      },
      "original": {
        "owner": "nix-systems",
        "repo": "default",
        "type": "github"
      }
    },
    "tres": {
      "flake": false,
      "locked": {
        "narHash": "sha256-5AbmsLxScSwB0NGXorAjdvm/t8O1FfofePSbO/Gn+Bo=",
        "type": "tarball",
        "url": "https://github.com/ziglibs/tres/archive/67d5b6305135d15ea84024e447c9070ce14fa5d0.tar.gz"
      },
      "original": {
        "type": "tarball",
        "url": "https://github.com/ziglibs/tres/archive/67d5b6305135d15ea84024e447c9070ce14fa5d0.tar.gz"
      }
    },
    "zig-overlay": {
      "inputs": {
        "flake-compat": "flake-compat",
        "flake-utils": "flake-utils_2",
        "nixpkgs": [
          "nixpkgs"
        ]
      },
      "locked": {
        "lastModified": 1687694884,
        "narHash": "sha256-TLXEykE/LSMwGETveZ9lI8fvd7nuJgq0+6tQwvCvP1k=",
        "owner": "mitchellh",
        "repo": "zig-overlay",
        "rev": "1c1c9f9ecc76ec222826770e10e6fef4c54d1e82",
        "type": "github"
      },
      "original": {
        "owner": "mitchellh",
        "repo": "zig-overlay",
        "type": "github"
      }
    }
  },
  "root": "root",
  "version": 7
}
